// !$*UTF8*$!
{
	archiveVersion = 1;
	classes = {
	};
	objectVersion = 50;
	objects = {

/* Begin PBXBuildFile section */
		6259118920C432D9000B2BA0 /* TouristAnnotation.swift in Sources */ = {isa = PBXBuildFile; fileRef = 6259118820C432D9000B2BA0 /* TouristAnnotation.swift */; };
		6259118D20C45C30000B2BA0 /* Main.storyboard in Resources */ = {isa = PBXBuildFile; fileRef = 62B9B7EE20C0B1B900A034F7 /* Main.storyboard */; };
		6259118E20C45C3A000B2BA0 /* LaunchScreen.storyboard in Resources */ = {isa = PBXBuildFile; fileRef = 62B9B7F320C0B1BC00A034F7 /* LaunchScreen.storyboard */; };
		6259118F20C45C40000B2BA0 /* Assets.xcassets in Resources */ = {isa = PBXBuildFile; fileRef = 62B9B7F120C0B1BC00A034F7 /* Assets.xcassets */; };
		6259119120C46F61000B2BA0 /* PinPhotosViewController.swift in Sources */ = {isa = PBXBuildFile; fileRef = 6259119020C46F61000B2BA0 /* PinPhotosViewController.swift */; };
		6259119620C49704000B2BA0 /* PhotosCollectionViewCell.swift in Sources */ = {isa = PBXBuildFile; fileRef = 6259119520C49704000B2BA0 /* PhotosCollectionViewCell.swift */; };
		62B9B80820C0C4DF00A034F7 /* MapViewController.swift in Sources */ = {isa = PBXBuildFile; fileRef = 62B9B7FC20C0B31500A034F7 /* MapViewController.swift */; };
		62B9B80920C0C4E500A034F7 /* DataController.swift in Sources */ = {isa = PBXBuildFile; fileRef = 62B9B80320C0BD9B00A034F7 /* DataController.swift */; };
		62B9B80A20C0C4EA00A034F7 /* AppDelegate.swift in Sources */ = {isa = PBXBuildFile; fileRef = 62B9B7EA20C0B1B900A034F7 /* AppDelegate.swift */; };
		62B9B80E20C0C55A00A034F7 /* VirtualTourist.xcdatamodeld in Sources */ = {isa = PBXBuildFile; fileRef = 62B9B80C20C0C55A00A034F7 /* VirtualTourist.xcdatamodeld */; };
/* End PBXBuildFile section */

/* Begin PBXFileReference section */
		6259118820C432D9000B2BA0 /* TouristAnnotation.swift */ = {isa = PBXFileReference; lastKnownFileType = sourcecode.swift; path = TouristAnnotation.swift; sourceTree = "<group>"; };
		6259119020C46F61000B2BA0 /* PinPhotosViewController.swift */ = {isa = PBXFileReference; lastKnownFileType = sourcecode.swift; path = PinPhotosViewController.swift; sourceTree = "<group>"; };
		6259119520C49704000B2BA0 /* PhotosCollectionViewCell.swift */ = {isa = PBXFileReference; lastKnownFileType = sourcecode.swift; path = PhotosCollectionViewCell.swift; sourceTree = "<group>"; };
		62B9B7E720C0B1B900A034F7 /* Virtual Tourist.app */ = {isa = PBXFileReference; explicitFileType = wrapper.application; includeInIndex = 0; path = "Virtual Tourist.app"; sourceTree = BUILT_PRODUCTS_DIR; };
		62B9B7EA20C0B1B900A034F7 /* AppDelegate.swift */ = {isa = PBXFileReference; lastKnownFileType = sourcecode.swift; path = AppDelegate.swift; sourceTree = "<group>"; };
		62B9B7EF20C0B1B900A034F7 /* Base */ = {isa = PBXFileReference; lastKnownFileType = file.storyboard; name = Base; path = Base.lproj/Main.storyboard; sourceTree = "<group>"; };
		62B9B7F120C0B1BC00A034F7 /* Assets.xcassets */ = {isa = PBXFileReference; lastKnownFileType = folder.assetcatalog; path = Assets.xcassets; sourceTree = "<group>"; };
		62B9B7F420C0B1BC00A034F7 /* Base */ = {isa = PBXFileReference; lastKnownFileType = file.storyboard; name = Base; path = Base.lproj/LaunchScreen.storyboard; sourceTree = "<group>"; };
		62B9B7F620C0B1BC00A034F7 /* Info.plist */ = {isa = PBXFileReference; lastKnownFileType = text.plist.xml; path = Info.plist; sourceTree = "<group>"; };
		62B9B7FC20C0B31500A034F7 /* MapViewController.swift */ = {isa = PBXFileReference; lastKnownFileType = sourcecode.swift; path = MapViewController.swift; sourceTree = "<group>"; };
		62B9B80320C0BD9B00A034F7 /* DataController.swift */ = {isa = PBXFileReference; lastKnownFileType = sourcecode.swift; path = DataController.swift; sourceTree = "<group>"; };
		62B9B80D20C0C55A00A034F7 /* VirtualTourist.xcdatamodel */ = {isa = PBXFileReference; lastKnownFileType = wrapper.xcdatamodel; path = VirtualTourist.xcdatamodel; sourceTree = "<group>"; };
/* End PBXFileReference section */

/* Begin PBXFrameworksBuildPhase section */
		62B9B7E420C0B1B900A034F7 /* Frameworks */ = {
			isa = PBXFrameworksBuildPhase;
			buildActionMask = 2147483647;
			files = (
			);
			runOnlyForDeploymentPostprocessing = 0;
		};
/* End PBXFrameworksBuildPhase section */

/* Begin PBXGroup section */
		6259118720C432AC000B2BA0 /* Annotation */ = {
			isa = PBXGroup;
			children = (
				6259118820C432D9000B2BA0 /* TouristAnnotation.swift */,
			);
			path = Annotation;
			sourceTree = "<group>";
		};
		6259118A20C459CD000B2BA0 /* Assets */ = {
			isa = PBXGroup;
			children = (
				62B9B7EE20C0B1B900A034F7 /* Main.storyboard */,
				62B9B7F120C0B1BC00A034F7 /* Assets.xcassets */,
				62B9B7F320C0B1BC00A034F7 /* LaunchScreen.storyboard */,
			);
			path = Assets;
			sourceTree = "<group>";
		};
		6259118B20C459EF000B2BA0 /* Supporting Files */ = {
			isa = PBXGroup;
			children = (
				62B9B7F620C0B1BC00A034F7 /* Info.plist */,
			);
			path = "Supporting Files";
			sourceTree = "<group>";
		};
		6259118C20C45A35000B2BA0 /* Controller */ = {
			isa = PBXGroup;
			children = (
				62B9B7FC20C0B31500A034F7 /* MapViewController.swift */,
				6259119020C46F61000B2BA0 /* PinPhotosViewController.swift */,
			);
			path = Controller;
			sourceTree = "<group>";
		};
		6259119220C494F0000B2BA0 /* Collection View Cell */ = {
			isa = PBXGroup;
			children = (
				6259119520C49704000B2BA0 /* PhotosCollectionViewCell.swift */,
			);
			path = "Collection View Cell";
			sourceTree = "<group>";
		};
		62B9B7DE20C0B1B900A034F7 = {
			isa = PBXGroup;
			children = (
				62B9B7E920C0B1B900A034F7 /* Virtual Tourist */,
				62B9B7E820C0B1B900A034F7 /* Products */,
				62B9B80520C0C44500A034F7 /* Frameworks */,
			);
			sourceTree = "<group>";
		};
		62B9B7E820C0B1B900A034F7 /* Products */ = {
			isa = PBXGroup;
			children = (
				62B9B7E720C0B1B900A034F7 /* Virtual Tourist.app */,
			);
			name = Products;
			sourceTree = "<group>";
		};
		62B9B7E920C0B1B900A034F7 /* Virtual Tourist */ = {
			isa = PBXGroup;
			children = (
				62B9B7EA20C0B1B900A034F7 /* AppDelegate.swift */,
				62B9B7FE20C0BBD300A034F7 /* Model */,
				62B9B80220C0BD6600A034F7 /* View */,
				6259118C20C45A35000B2BA0 /* Controller */,
				6259118A20C459CD000B2BA0 /* Assets */,
				6259118B20C459EF000B2BA0 /* Supporting Files */,
			);
			path = "Virtual Tourist";
			sourceTree = "<group>";
		};
		62B9B7FE20C0BBD300A034F7 /* Model */ = {
			isa = PBXGroup;
			children = (
				62B9B80320C0BD9B00A034F7 /* DataController.swift */,
				62B9B80C20C0C55A00A034F7 /* VirtualTourist.xcdatamodeld */,
			);
			path = Model;
			sourceTree = "<group>";
		};
		62B9B80220C0BD6600A034F7 /* View */ = {
			isa = PBXGroup;
			children = (
				6259119220C494F0000B2BA0 /* Collection View Cell */,
				6259118720C432AC000B2BA0 /* Annotation */,
			);
			path = View;
			sourceTree = "<group>";
		};
		62B9B80520C0C44500A034F7 /* Frameworks */ = {
			isa = PBXGroup;
			children = (
			);
			name = Frameworks;
			sourceTree = "<group>";
		};
/* End PBXGroup section */

/* Begin PBXNativeTarget section */
		62B9B7E620C0B1B900A034F7 /* Virtual Tourist */ = {
			isa = PBXNativeTarget;
			buildConfigurationList = 62B9B7F920C0B1BC00A034F7 /* Build configuration list for PBXNativeTarget "Virtual Tourist" */;
			buildPhases = (
				62B9B7E320C0B1B900A034F7 /* Sources */,
				62B9B7E420C0B1B900A034F7 /* Frameworks */,
				62B9B7E520C0B1B900A034F7 /* Resources */,
			);
			buildRules = (
			);
			dependencies = (
			);
			name = "Virtual Tourist";
			productName = "Virtual Tourist";
			productReference = 62B9B7E720C0B1B900A034F7 /* Virtual Tourist.app */;
			productType = "com.apple.product-type.application";
		};
/* End PBXNativeTarget section */

/* Begin PBXProject section */
		62B9B7DF20C0B1B900A034F7 /* Project object */ = {
			isa = PBXProject;
			attributes = {
				LastSwiftUpdateCheck = 0940;
				LastUpgradeCheck = 0940;
				ORGANIZATIONNAME = Betocorporation;
				TargetAttributes = {
					62B9B7E620C0B1B900A034F7 = {
						CreatedOnToolsVersion = 9.4;
						SystemCapabilities = {
							com.apple.Maps.iOS = {
								enabled = 0;
							};
						};
					};
				};
			};
			buildConfigurationList = 62B9B7E220C0B1B900A034F7 /* Build configuration list for PBXProject "Virtual Tourist" */;
			compatibilityVersion = "Xcode 9.3";
			developmentRegion = en;
			hasScannedForEncodings = 0;
			knownRegions = (
				en,
				Base,
			);
			mainGroup = 62B9B7DE20C0B1B900A034F7;
			productRefGroup = 62B9B7E820C0B1B900A034F7 /* Products */;
			projectDirPath = "";
			projectRoot = "";
			targets = (
				62B9B7E620C0B1B900A034F7 /* Virtual Tourist */,
			);
		};
/* End PBXProject section */

/* Begin PBXResourcesBuildPhase section */
		62B9B7E520C0B1B900A034F7 /* Resources */ = {
			isa = PBXResourcesBuildPhase;
			buildActionMask = 2147483647;
			files = (
				6259118F20C45C40000B2BA0 /* Assets.xcassets in Resources */,
				6259118E20C45C3A000B2BA0 /* LaunchScreen.storyboard in Resources */,
				6259118D20C45C30000B2BA0 /* Main.storyboard in Resources */,
			);
			runOnlyForDeploymentPostprocessing = 0;
		};
/* End PBXResourcesBuildPhase section */

/* Begin PBXSourcesBuildPhase section */
		62B9B7E320C0B1B900A034F7 /* Sources */ = {
			isa = PBXSourcesBuildPhase;
			buildActionMask = 2147483647;
			files = (
				62B9B80E20C0C55A00A034F7 /* VirtualTourist.xcdatamodeld in Sources */,
				6259119620C49704000B2BA0 /* PhotosCollectionViewCell.swift in Sources */,
				62B9B80A20C0C4EA00A034F7 /* AppDelegate.swift in Sources */,
				62B9B80920C0C4E500A034F7 /* DataController.swift in Sources */,
				6259119120C46F61000B2BA0 /* PinPhotosViewController.swift in Sources */,
				62B9B80820C0C4DF00A034F7 /* MapViewController.swift in Sources */,
				6259118920C432D9000B2BA0 /* TouristAnnotation.swift in Sources */,
			);
			runOnlyForDeploymentPostprocessing = 0;
		};
/* End PBXSourcesBuildPhase section */

/* Begin PBXVariantGroup section */
		62B9B7EE20C0B1B900A034F7 /* Main.storyboard */ = {
			isa = PBXVariantGroup;
			children = (
				62B9B7EF20C0B1B900A034F7 /* Base */,
			);
			name = Main.storyboard;
			sourceTree = "<group>";
		};
		62B9B7F320C0B1BC00A034F7 /* LaunchScreen.storyboard */ = {
			isa = PBXVariantGroup;
			children = (
				62B9B7F420C0B1BC00A034F7 /* Base */,
			);
			name = LaunchScreen.storyboard;
			sourceTree = "<group>";
		};
/* End PBXVariantGroup section */

/* Begin XCBuildConfiguration section */
		62B9B7F720C0B1BC00A034F7 /* Debug */ = {
			isa = XCBuildConfiguration;
			buildSettings = {
				ALWAYS_SEARCH_USER_PATHS = NO;
				CLANG_ANALYZER_NONNULL = YES;
				CLANG_ANALYZER_NUMBER_OBJECT_CONVERSION = YES_AGGRESSIVE;
				CLANG_CXX_LANGUAGE_STANDARD = "gnu++14";
				CLANG_CXX_LIBRARY = "libc++";
				CLANG_ENABLE_MODULES = YES;
				CLANG_ENABLE_OBJC_ARC = YES;
				CLANG_ENABLE_OBJC_WEAK = YES;
				CLANG_WARN_BLOCK_CAPTURE_AUTORELEASING = YES;
				CLANG_WARN_BOOL_CONVERSION = YES;
				CLANG_WARN_COMMA = YES;
				CLANG_WARN_CONSTANT_CONVERSION = YES;
				CLANG_WARN_DEPRECATED_OBJC_IMPLEMENTATIONS = YES;
				CLANG_WARN_DIRECT_OBJC_ISA_USAGE = YES_ERROR;
				CLANG_WARN_DOCUMENTATION_COMMENTS = YES;
				CLANG_WARN_EMPTY_BODY = YES;
				CLANG_WARN_ENUM_CONVERSION = YES;
				CLANG_WARN_INFINITE_RECURSION = YES;
				CLANG_WARN_INT_CONVERSION = YES;
				CLANG_WARN_NON_LITERAL_NULL_CONVERSION = YES;
				CLANG_WARN_OBJC_IMPLICIT_RETAIN_SELF = YES;
				CLANG_WARN_OBJC_LITERAL_CONVERSION = YES;
				CLANG_WARN_OBJC_ROOT_CLASS = YES_ERROR;
				CLANG_WARN_RANGE_LOOP_ANALYSIS = YES;
				CLANG_WARN_STRICT_PROTOTYPES = YES;
				CLANG_WARN_SUSPICIOUS_MOVE = YES;
				CLANG_WARN_UNGUARDED_AVAILABILITY = YES_AGGRESSIVE;
				CLANG_WARN_UNREACHABLE_CODE = YES;
				CLANG_WARN__DUPLICATE_METHOD_MATCH = YES;
				CODE_SIGN_IDENTITY = "iPhone Developer";
				COPY_PHASE_STRIP = NO;
				DEBUG_INFORMATION_FORMAT = dwarf;
				ENABLE_STRICT_OBJC_MSGSEND = YES;
				ENABLE_TESTABILITY = YES;
				GCC_C_LANGUAGE_STANDARD = gnu11;
				GCC_DYNAMIC_NO_PIC = NO;
				GCC_NO_COMMON_BLOCKS = YES;
				GCC_OPTIMIZATION_LEVEL = 0;
				GCC_PREPROCESSOR_DEFINITIONS = (
					"DEBUG=1",
					"$(inherited)",
				);
				GCC_WARN_64_TO_32_BIT_CONVERSION = YES;
				GCC_WARN_ABOUT_RETURN_TYPE = YES_ERROR;
				GCC_WARN_UNDECLARED_SELECTOR = YES;
				GCC_WARN_UNINITIALIZED_AUTOS = YES_AGGRESSIVE;
				GCC_WARN_UNUSED_FUNCTION = YES;
				GCC_WARN_UNUSED_VARIABLE = YES;
				IPHONEOS_DEPLOYMENT_TARGET = 11.4;
				MTL_ENABLE_DEBUG_INFO = YES;
				ONLY_ACTIVE_ARCH = YES;
				SDKROOT = iphoneos;
				SWIFT_ACTIVE_COMPILATION_CONDITIONS = DEBUG;
				SWIFT_OPTIMIZATION_LEVEL = "-Onone";
			};
			name = Debug;
		};
		62B9B7F820C0B1BC00A034F7 /* Release */ = {
			isa = XCBuildConfiguration;
			buildSettings = {
				ALWAYS_SEARCH_USER_PATHS = NO;
				CLANG_ANALYZER_NONNULL = YES;
				CLANG_ANALYZER_NUMBER_OBJECT_CONVERSION = YES_AGGRESSIVE;
				CLANG_CXX_LANGUAGE_STANDARD = "gnu++14";
				CLANG_CXX_LIBRARY = "libc++";
				CLANG_ENABLE_MODULES = YES;
				CLANG_ENABLE_OBJC_ARC = YES;
				CLANG_ENABLE_OBJC_WEAK = YES;
				CLANG_WARN_BLOCK_CAPTURE_AUTORELEASING = YES;
				CLANG_WARN_BOOL_CONVERSION = YES;
				CLANG_WARN_COMMA = YES;
				CLANG_WARN_CONSTANT_CONVERSION = YES;
				CLANG_WARN_DEPRECATED_OBJC_IMPLEMENTATIONS = YES;
				CLANG_WARN_DIRECT_OBJC_ISA_USAGE = YES_ERROR;
				CLANG_WARN_DOCUMENTATION_COMMENTS = YES;
				CLANG_WARN_EMPTY_BODY = YES;
				CLANG_WARN_ENUM_CONVERSION = YES;
				CLANG_WARN_INFINITE_RECURSION = YES;
				CLANG_WARN_INT_CONVERSION = YES;
				CLANG_WARN_NON_LITERAL_NULL_CONVERSION = YES;
				CLANG_WARN_OBJC_IMPLICIT_RETAIN_SELF = YES;
				CLANG_WARN_OBJC_LITERAL_CONVERSION = YES;
				CLANG_WARN_OBJC_ROOT_CLASS = YES_ERROR;
				CLANG_WARN_RANGE_LOOP_ANALYSIS = YES;
				CLANG_WARN_STRICT_PROTOTYPES = YES;
				CLANG_WARN_SUSPICIOUS_MOVE = YES;
				CLANG_WARN_UNGUARDED_AVAILABILITY = YES_AGGRESSIVE;
				CLANG_WARN_UNREACHABLE_CODE = YES;
				CLANG_WARN__DUPLICATE_METHOD_MATCH = YES;
				CODE_SIGN_IDENTITY = "iPhone Developer";
				COPY_PHASE_STRIP = NO;
				DEBUG_INFORMATION_FORMAT = "dwarf-with-dsym";
				ENABLE_NS_ASSERTIONS = NO;
				ENABLE_STRICT_OBJC_MSGSEND = YES;
				GCC_C_LANGUAGE_STANDARD = gnu11;
				GCC_NO_COMMON_BLOCKS = YES;
				GCC_WARN_64_TO_32_BIT_CONVERSION = YES;
				GCC_WARN_ABOUT_RETURN_TYPE = YES_ERROR;
				GCC_WARN_UNDECLARED_SELECTOR = YES;
				GCC_WARN_UNINITIALIZED_AUTOS = YES_AGGRESSIVE;
				GCC_WARN_UNUSED_FUNCTION = YES;
				GCC_WARN_UNUSED_VARIABLE = YES;
				IPHONEOS_DEPLOYMENT_TARGET = 11.4;
				MTL_ENABLE_DEBUG_INFO = NO;
				SDKROOT = iphoneos;
				SWIFT_COMPILATION_MODE = wholemodule;
				SWIFT_OPTIMIZATION_LEVEL = "-O";
				VALIDATE_PRODUCT = YES;
			};
			name = Release;
		};
		62B9B7FA20C0B1BC00A034F7 /* Debug */ = {
			isa = XCBuildConfiguration;
			buildSettings = {
				ASSETCATALOG_COMPILER_APPICON_NAME = AppIcon;
				CODE_SIGN_STYLE = Automatic;
				DEVELOPMENT_TEAM = CRVTY582ZT;
				INFOPLIST_FILE = "$(SRCROOT)/Virtual Tourist/Supporting Files/Info.plist";
				LD_RUNPATH_SEARCH_PATHS = (
					"$(inherited)",
					"@executable_path/Frameworks",
				);
				PRODUCT_BUNDLE_IDENTIFIER = "com.betocorporation.Virtual-Tourist";
				PRODUCT_NAME = "$(TARGET_NAME)";
				SWIFT_VERSION = 4.0;
				TARGETED_DEVICE_FAMILY = 1;
			};
			name = Debug;
		};
		62B9B7FB20C0B1BC00A034F7 /* Release */ = {
			isa = XCBuildConfiguration;
			buildSettings = {
				ASSETCATALOG_COMPILER_APPICON_NAME = AppIcon;
				CODE_SIGN_STYLE = Automatic;
				DEVELOPMENT_TEAM = CRVTY582ZT;
				INFOPLIST_FILE = "$(SRCROOT)/Virtual Tourist/Supporting Files/Info.plist";
				LD_RUNPATH_SEARCH_PATHS = (
					"$(inherited)",
					"@executable_path/Frameworks",
				);
				PRODUCT_BUNDLE_IDENTIFIER = "com.betocorporation.Virtual-Tourist";
				PRODUCT_NAME = "$(TARGET_NAME)";
				SWIFT_VERSION = 4.0;
				TARGETED_DEVICE_FAMILY = 1;
			};
			name = Release;
		};
/* End XCBuildConfiguration section */

/* Begin XCConfigurationList section */
		62B9B7E220C0B1B900A034F7 /* Build configuration list for PBXProject "Virtual Tourist" */ = {
			isa = XCConfigurationList;
			buildConfigurations = (
				62B9B7F720C0B1BC00A034F7 /* Debug */,
				62B9B7F820C0B1BC00A034F7 /* Release */,
			);
			defaultConfigurationIsVisible = 0;
			defaultConfigurationName = Release;
		};
		62B9B7F920C0B1BC00A034F7 /* Build configuration list for PBXNativeTarget "Virtual Tourist" */ = {
			isa = XCConfigurationList;
			buildConfigurations = (
				62B9B7FA20C0B1BC00A034F7 /* Debug */,
				62B9B7FB20C0B1BC00A034F7 /* Release */,
			);
			defaultConfigurationIsVisible = 0;
			defaultConfigurationName = Release;
		};
/* End XCConfigurationList section */

/* Begin XCVersionGroup section */
		62B9B80C20C0C55A00A034F7 /* VirtualTourist.xcdatamodeld */ = {
			isa = XCVersionGroup;
			children = (
				62B9B80D20C0C55A00A034F7 /* VirtualTourist.xcdatamodel */,
			);
			currentVersion = 62B9B80D20C0C55A00A034F7 /* VirtualTourist.xcdatamodel */;
			path = VirtualTourist.xcdatamodeld;
			sourceTree = "<group>";
			versionGroupType = wrapper.xcdatamodel;
		};
/* End XCVersionGroup section */
	};
	rootObject = 62B9B7DF20C0B1B900A034F7 /* Project object */;
}
